// !$*UTF8*$!
{
	archiveVersion = 1;
	classes = {
	};
	objectVersion = 50;
	objects = {

/* Begin PBXBuildFile section */
		C01298AF248B8990008938D3 /* BallTests.swift in Sources */ = {isa = PBXBuildFile; fileRef = C01298AE248B8990008938D3 /* BallTests.swift */; };
		C01298B1248B8B94008938D3 /* BallPickerTests.swift in Sources */ = {isa = PBXBuildFile; fileRef = C01298B0248B8B94008938D3 /* BallPickerTests.swift */; };
		C01298B3248B8EB9008938D3 /* HumanTests.swift in Sources */ = {isa = PBXBuildFile; fileRef = C01298B2248B8EB9008938D3 /* HumanTests.swift */; };
		C01298B5248B8ED2008938D3 /* Human.swift in Sources */ = {isa = PBXBuildFile; fileRef = C01298B4248B8ED2008938D3 /* Human.swift */; };
		C01298B7248B928B008938D3 /* Bank.swift in Sources */ = {isa = PBXBuildFile; fileRef = C01298B6248B928B008938D3 /* Bank.swift */; };
		C01298B9248B92D9008938D3 /* BankTests.swift in Sources */ = {isa = PBXBuildFile; fileRef = C01298B8248B92D9008938D3 /* BankTests.swift */; };
		C02D8EC1248B7B220067D4FC /* BallPicker.swift in Sources */ = {isa = PBXBuildFile; fileRef = C02D8EC0248B7B220067D4FC /* BallPicker.swift */; };
		C02D8EC3248B7B790067D4FC /* Ball.swift in Sources */ = {isa = PBXBuildFile; fileRef = C02D8EC2248B7B790067D4FC /* Ball.swift */; };
		C02E4BB524791B0600A0C0F2 /* AppDelegate.swift in Sources */ = {isa = PBXBuildFile; fileRef = C02E4BB424791B0600A0C0F2 /* AppDelegate.swift */; };
		C02E4BB724791B0600A0C0F2 /* SceneDelegate.swift in Sources */ = {isa = PBXBuildFile; fileRef = C02E4BB624791B0600A0C0F2 /* SceneDelegate.swift */; };
		C02E4BB924791B0600A0C0F2 /* ViewController.swift in Sources */ = {isa = PBXBuildFile; fileRef = C02E4BB824791B0600A0C0F2 /* ViewController.swift */; };
		C02E4BBC24791B0600A0C0F2 /* Main.storyboard in Resources */ = {isa = PBXBuildFile; fileRef = C02E4BBA24791B0600A0C0F2 /* Main.storyboard */; };
		C02E4BBE24791B0700A0C0F2 /* Assets.xcassets in Resources */ = {isa = PBXBuildFile; fileRef = C02E4BBD24791B0700A0C0F2 /* Assets.xcassets */; };
		C02E4BC124791B0700A0C0F2 /* LaunchScreen.storyboard in Resources */ = {isa = PBXBuildFile; fileRef = C02E4BBF24791B0700A0C0F2 /* LaunchScreen.storyboard */; };
		C02E4BD724791B0700A0C0F2 /* OKLottoNumberGeneratorUITests.swift in Sources */ = {isa = PBXBuildFile; fileRef = C02E4BD624791B0700A0C0F2 /* OKLottoNumberGeneratorUITests.swift */; };
/* End PBXBuildFile section */

/* Begin PBXContainerItemProxy section */
		C02E4BC824791B0700A0C0F2 /* PBXContainerItemProxy */ = {
			isa = PBXContainerItemProxy;
			containerPortal = C02E4BA924791B0600A0C0F2 /* Project object */;
			proxyType = 1;
			remoteGlobalIDString = C02E4BB024791B0600A0C0F2;
			remoteInfo = OKLottoNumberGenerator;
		};
		C02E4BD324791B0700A0C0F2 /* PBXContainerItemProxy */ = {
			isa = PBXContainerItemProxy;
			containerPortal = C02E4BA924791B0600A0C0F2 /* Project object */;
			proxyType = 1;
			remoteGlobalIDString = C02E4BB024791B0600A0C0F2;
			remoteInfo = OKLottoNumberGenerator;
		};
/* End PBXContainerItemProxy section */

/* Begin PBXFileReference section */
		C01298AE248B8990008938D3 /* BallTests.swift */ = {isa = PBXFileReference; lastKnownFileType = sourcecode.swift; path = BallTests.swift; sourceTree = "<group>"; };
		C01298B0248B8B94008938D3 /* BallPickerTests.swift */ = {isa = PBXFileReference; lastKnownFileType = sourcecode.swift; path = BallPickerTests.swift; sourceTree = "<group>"; };
		C01298B2248B8EB9008938D3 /* HumanTests.swift */ = {isa = PBXFileReference; lastKnownFileType = sourcecode.swift; path = HumanTests.swift; sourceTree = "<group>"; };
		C01298B4248B8ED2008938D3 /* Human.swift */ = {isa = PBXFileReference; lastKnownFileType = sourcecode.swift; path = Human.swift; sourceTree = "<group>"; };
		C01298B6248B928B008938D3 /* Bank.swift */ = {isa = PBXFileReference; lastKnownFileType = sourcecode.swift; path = Bank.swift; sourceTree = "<group>"; };
		C01298B8248B92D9008938D3 /* BankTests.swift */ = {isa = PBXFileReference; lastKnownFileType = sourcecode.swift; path = BankTests.swift; sourceTree = "<group>"; };
		C02D8EC0248B7B220067D4FC /* BallPicker.swift */ = {isa = PBXFileReference; lastKnownFileType = sourcecode.swift; path = BallPicker.swift; sourceTree = "<group>"; };
		C02D8EC2248B7B790067D4FC /* Ball.swift */ = {isa = PBXFileReference; lastKnownFileType = sourcecode.swift; path = Ball.swift; sourceTree = "<group>"; };
		C02E4BB124791B0600A0C0F2 /* OKLottoNumberGenerator.app */ = {isa = PBXFileReference; explicitFileType = wrapper.application; includeInIndex = 0; path = OKLottoNumberGenerator.app; sourceTree = BUILT_PRODUCTS_DIR; };
		C02E4BB424791B0600A0C0F2 /* AppDelegate.swift */ = {isa = PBXFileReference; lastKnownFileType = sourcecode.swift; path = AppDelegate.swift; sourceTree = "<group>"; };
		C02E4BB624791B0600A0C0F2 /* SceneDelegate.swift */ = {isa = PBXFileReference; lastKnownFileType = sourcecode.swift; path = SceneDelegate.swift; sourceTree = "<group>"; };
		C02E4BB824791B0600A0C0F2 /* ViewController.swift */ = {isa = PBXFileReference; lastKnownFileType = sourcecode.swift; path = ViewController.swift; sourceTree = "<group>"; };
		C02E4BBB24791B0600A0C0F2 /* Base */ = {isa = PBXFileReference; lastKnownFileType = file.storyboard; name = Base; path = Base.lproj/Main.storyboard; sourceTree = "<group>"; };
		C02E4BBD24791B0700A0C0F2 /* Assets.xcassets */ = {isa = PBXFileReference; lastKnownFileType = folder.assetcatalog; path = Assets.xcassets; sourceTree = "<group>"; };
		C02E4BC024791B0700A0C0F2 /* Base */ = {isa = PBXFileReference; lastKnownFileType = file.storyboard; name = Base; path = Base.lproj/LaunchScreen.storyboard; sourceTree = "<group>"; };
		C02E4BC224791B0700A0C0F2 /* Info.plist */ = {isa = PBXFileReference; lastKnownFileType = text.plist.xml; path = Info.plist; sourceTree = "<group>"; };
		C02E4BC724791B0700A0C0F2 /* OKLottoNumberGeneratorTests.xctest */ = {isa = PBXFileReference; explicitFileType = wrapper.cfbundle; includeInIndex = 0; path = OKLottoNumberGeneratorTests.xctest; sourceTree = BUILT_PRODUCTS_DIR; };
		C02E4BCD24791B0700A0C0F2 /* Info.plist */ = {isa = PBXFileReference; lastKnownFileType = text.plist.xml; path = Info.plist; sourceTree = "<group>"; };
		C02E4BD224791B0700A0C0F2 /* OKLottoNumberGeneratorUITests.xctest */ = {isa = PBXFileReference; explicitFileType = wrapper.cfbundle; includeInIndex = 0; path = OKLottoNumberGeneratorUITests.xctest; sourceTree = BUILT_PRODUCTS_DIR; };
		C02E4BD624791B0700A0C0F2 /* OKLottoNumberGeneratorUITests.swift */ = {isa = PBXFileReference; lastKnownFileType = sourcecode.swift; path = OKLottoNumberGeneratorUITests.swift; sourceTree = "<group>"; };
		C02E4BD824791B0700A0C0F2 /* Info.plist */ = {isa = PBXFileReference; lastKnownFileType = text.plist.xml; path = Info.plist; sourceTree = "<group>"; };
/* End PBXFileReference section */

/* Begin PBXFrameworksBuildPhase section */
		C02E4BAE24791B0600A0C0F2 /* Frameworks */ = {
			isa = PBXFrameworksBuildPhase;
			buildActionMask = 2147483647;
			files = (
			);
			runOnlyForDeploymentPostprocessing = 0;
		};
		C02E4BC424791B0700A0C0F2 /* Frameworks */ = {
			isa = PBXFrameworksBuildPhase;
			buildActionMask = 2147483647;
			files = (
			);
			runOnlyForDeploymentPostprocessing = 0;
		};
		C02E4BCF24791B0700A0C0F2 /* Frameworks */ = {
			isa = PBXFrameworksBuildPhase;
			buildActionMask = 2147483647;
			files = (
			);
			runOnlyForDeploymentPostprocessing = 0;
		};
/* End PBXFrameworksBuildPhase section */

/* Begin PBXGroup section */
		C02E4BA824791B0600A0C0F2 = {
			isa = PBXGroup;
			children = (
				C02E4BB324791B0600A0C0F2 /* OKLottoNumberGenerator */,
				C02E4BCA24791B0700A0C0F2 /* OKLottoNumberGeneratorTests */,
				C02E4BD524791B0700A0C0F2 /* OKLottoNumberGeneratorUITests */,
				C02E4BB224791B0600A0C0F2 /* Products */,
			);
			sourceTree = "<group>";
		};
		C02E4BB224791B0600A0C0F2 /* Products */ = {
			isa = PBXGroup;
			children = (
				C02E4BB124791B0600A0C0F2 /* OKLottoNumberGenerator.app */,
				C02E4BC724791B0700A0C0F2 /* OKLottoNumberGeneratorTests.xctest */,
				C02E4BD224791B0700A0C0F2 /* OKLottoNumberGeneratorUITests.xctest */,
			);
			name = Products;
			sourceTree = "<group>";
		};
		C02E4BB324791B0600A0C0F2 /* OKLottoNumberGenerator */ = {
			isa = PBXGroup;
			children = (
				C02E4BB424791B0600A0C0F2 /* AppDelegate.swift */,
				C02E4BB624791B0600A0C0F2 /* SceneDelegate.swift */,
				C02E4BB824791B0600A0C0F2 /* ViewController.swift */,
				C02D8EC2248B7B790067D4FC /* Ball.swift */,
				C02D8EC0248B7B220067D4FC /* BallPicker.swift */,
				C01298B4248B8ED2008938D3 /* Human.swift */,
				C01298B6248B928B008938D3 /* Bank.swift */,
				C02E4BBA24791B0600A0C0F2 /* Main.storyboard */,
				C02E4BBD24791B0700A0C0F2 /* Assets.xcassets */,
				C02E4BBF24791B0700A0C0F2 /* LaunchScreen.storyboard */,
				C02E4BC224791B0700A0C0F2 /* Info.plist */,
			);
			path = OKLottoNumberGenerator;
			sourceTree = "<group>";
		};
		C02E4BCA24791B0700A0C0F2 /* OKLottoNumberGeneratorTests */ = {
			isa = PBXGroup;
			children = (
				C01298AE248B8990008938D3 /* BallTests.swift */,
				C01298B0248B8B94008938D3 /* BallPickerTests.swift */,
				C01298B2248B8EB9008938D3 /* HumanTests.swift */,
				C01298B8248B92D9008938D3 /* BankTests.swift */,
				C02E4BCD24791B0700A0C0F2 /* Info.plist */,
			);
			path = OKLottoNumberGeneratorTests;
			sourceTree = "<group>";
		};
		C02E4BD524791B0700A0C0F2 /* OKLottoNumberGeneratorUITests */ = {
			isa = PBXGroup;
			children = (
				C02E4BD624791B0700A0C0F2 /* OKLottoNumberGeneratorUITests.swift */,
				C02E4BD824791B0700A0C0F2 /* Info.plist */,
			);
			path = OKLottoNumberGeneratorUITests;
			sourceTree = "<group>";
		};
/* End PBXGroup section */

/* Begin PBXNativeTarget section */
		C02E4BB024791B0600A0C0F2 /* OKLottoNumberGenerator */ = {
			isa = PBXNativeTarget;
			buildConfigurationList = C02E4BDB24791B0700A0C0F2 /* Build configuration list for PBXNativeTarget "OKLottoNumberGenerator" */;
			buildPhases = (
				C02E4BAD24791B0600A0C0F2 /* Sources */,
				C02E4BAE24791B0600A0C0F2 /* Frameworks */,
				C02E4BAF24791B0600A0C0F2 /* Resources */,
			);
			buildRules = (
			);
			dependencies = (
			);
			name = OKLottoNumberGenerator;
			productName = OKLottoNumberGenerator;
			productReference = C02E4BB124791B0600A0C0F2 /* OKLottoNumberGenerator.app */;
			productType = "com.apple.product-type.application";
		};
		C02E4BC624791B0700A0C0F2 /* OKLottoNumberGeneratorTests */ = {
			isa = PBXNativeTarget;
			buildConfigurationList = C02E4BDE24791B0700A0C0F2 /* Build configuration list for PBXNativeTarget "OKLottoNumberGeneratorTests" */;
			buildPhases = (
				C02E4BC324791B0700A0C0F2 /* Sources */,
				C02E4BC424791B0700A0C0F2 /* Frameworks */,
				C02E4BC524791B0700A0C0F2 /* Resources */,
			);
			buildRules = (
			);
			dependencies = (
				C02E4BC924791B0700A0C0F2 /* PBXTargetDependency */,
			);
			name = OKLottoNumberGeneratorTests;
			productName = OKLottoNumberGeneratorTests;
			productReference = C02E4BC724791B0700A0C0F2 /* OKLottoNumberGeneratorTests.xctest */;
			productType = "com.apple.product-type.bundle.unit-test";
		};
		C02E4BD124791B0700A0C0F2 /* OKLottoNumberGeneratorUITests */ = {
			isa = PBXNativeTarget;
			buildConfigurationList = C02E4BE124791B0700A0C0F2 /* Build configuration list for PBXNativeTarget "OKLottoNumberGeneratorUITests" */;
			buildPhases = (
				C02E4BCE24791B0700A0C0F2 /* Sources */,
				C02E4BCF24791B0700A0C0F2 /* Frameworks */,
				C02E4BD024791B0700A0C0F2 /* Resources */,
			);
			buildRules = (
			);
			dependencies = (
				C02E4BD424791B0700A0C0F2 /* PBXTargetDependency */,
			);
			name = OKLottoNumberGeneratorUITests;
			productName = OKLottoNumberGeneratorUITests;
			productReference = C02E4BD224791B0700A0C0F2 /* OKLottoNumberGeneratorUITests.xctest */;
			productType = "com.apple.product-type.bundle.ui-testing";
		};
/* End PBXNativeTarget section */

/* Begin PBXProject section */
		C02E4BA924791B0600A0C0F2 /* Project object */ = {
			isa = PBXProject;
			attributes = {
				LastSwiftUpdateCheck = 1140;
				LastUpgradeCheck = 1140;
				ORGANIZATIONNAME = "Ocheol Kwon";
				TargetAttributes = {
					C02E4BB024791B0600A0C0F2 = {
						CreatedOnToolsVersion = 11.4.1;
					};
					C02E4BC624791B0700A0C0F2 = {
						CreatedOnToolsVersion = 11.4.1;
						TestTargetID = C02E4BB024791B0600A0C0F2;
					};
					C02E4BD124791B0700A0C0F2 = {
						CreatedOnToolsVersion = 11.4.1;
						TestTargetID = C02E4BB024791B0600A0C0F2;
					};
				};
			};
			buildConfigurationList = C02E4BAC24791B0600A0C0F2 /* Build configuration list for PBXProject "OKLottoNumberGenerator" */;
			compatibilityVersion = "Xcode 9.3";
			developmentRegion = en;
			hasScannedForEncodings = 0;
			knownRegions = (
				en,
				Base,
			);
			mainGroup = C02E4BA824791B0600A0C0F2;
			productRefGroup = C02E4BB224791B0600A0C0F2 /* Products */;
			projectDirPath = "";
			projectRoot = "";
			targets = (
				C02E4BB024791B0600A0C0F2 /* OKLottoNumberGenerator */,
				C02E4BC624791B0700A0C0F2 /* OKLottoNumberGeneratorTests */,
				C02E4BD124791B0700A0C0F2 /* OKLottoNumberGeneratorUITests */,
			);
		};
/* End PBXProject section */

/* Begin PBXResourcesBuildPhase section */
		C02E4BAF24791B0600A0C0F2 /* Resources */ = {
			isa = PBXResourcesBuildPhase;
			buildActionMask = 2147483647;
			files = (
				C02E4BC124791B0700A0C0F2 /* LaunchScreen.storyboard in Resources */,
				C02E4BBE24791B0700A0C0F2 /* Assets.xcassets in Resources */,
				C02E4BBC24791B0600A0C0F2 /* Main.storyboard in Resources */,
			);
			runOnlyForDeploymentPostprocessing = 0;
		};
		C02E4BC524791B0700A0C0F2 /* Resources */ = {
			isa = PBXResourcesBuildPhase;
			buildActionMask = 2147483647;
			files = (
			);
			runOnlyForDeploymentPostprocessing = 0;
		};
		C02E4BD024791B0700A0C0F2 /* Resources */ = {
			isa = PBXResourcesBuildPhase;
			buildActionMask = 2147483647;
			files = (
			);
			runOnlyForDeploymentPostprocessing = 0;
		};
/* End PBXResourcesBuildPhase section */

/* Begin PBXSourcesBuildPhase section */
		C02E4BAD24791B0600A0C0F2 /* Sources */ = {
			isa = PBXSourcesBuildPhase;
			buildActionMask = 2147483647;
			files = (
				C02D8EC1248B7B220067D4FC /* BallPicker.swift in Sources */,
				C01298B5248B8ED2008938D3 /* Human.swift in Sources */,
				C02E4BB924791B0600A0C0F2 /* ViewController.swift in Sources */,
				C02E4BB524791B0600A0C0F2 /* AppDelegate.swift in Sources */,
				C02E4BB724791B0600A0C0F2 /* SceneDelegate.swift in Sources */,
				C02D8EC3248B7B790067D4FC /* Ball.swift in Sources */,
				C01298B7248B928B008938D3 /* Bank.swift in Sources */,
			);
			runOnlyForDeploymentPostprocessing = 0;
		};
		C02E4BC324791B0700A0C0F2 /* Sources */ = {
			isa = PBXSourcesBuildPhase;
			buildActionMask = 2147483647;
			files = (
				C01298B1248B8B94008938D3 /* BallPickerTests.swift in Sources */,
				C01298B9248B92D9008938D3 /* BankTests.swift in Sources */,
				C01298B3248B8EB9008938D3 /* HumanTests.swift in Sources */,
				C01298AF248B8990008938D3 /* BallTests.swift in Sources */,
			);
			runOnlyForDeploymentPostprocessing = 0;
		};
		C02E4BCE24791B0700A0C0F2 /* Sources */ = {
			isa = PBXSourcesBuildPhase;
			buildActionMask = 2147483647;
			files = (
				C02E4BD724791B0700A0C0F2 /* OKLottoNumberGeneratorUITests.swift in Sources */,
			);
			runOnlyForDeploymentPostprocessing = 0;
		};
/* End PBXSourcesBuildPhase section */

/* Begin PBXTargetDependency section */
		C02E4BC924791B0700A0C0F2 /* PBXTargetDependency */ = {
			isa = PBXTargetDependency;
			target = C02E4BB024791B0600A0C0F2 /* OKLottoNumberGenerator */;
			targetProxy = C02E4BC824791B0700A0C0F2 /* PBXContainerItemProxy */;
		};
		C02E4BD424791B0700A0C0F2 /* PBXTargetDependency */ = {
			isa = PBXTargetDependency;
			target = C02E4BB024791B0600A0C0F2 /* OKLottoNumberGenerator */;
			targetProxy = C02E4BD324791B0700A0C0F2 /* PBXContainerItemProxy */;
		};
/* End PBXTargetDependency section */

/* Begin PBXVariantGroup section */
		C02E4BBA24791B0600A0C0F2 /* Main.storyboard */ = {
			isa = PBXVariantGroup;
			children = (
				C02E4BBB24791B0600A0C0F2 /* Base */,
			);
			name = Main.storyboard;
			sourceTree = "<group>";
		};
		C02E4BBF24791B0700A0C0F2 /* LaunchScreen.storyboard */ = {
			isa = PBXVariantGroup;
			children = (
				C02E4BC024791B0700A0C0F2 /* Base */,
			);
			name = LaunchScreen.storyboard;
			sourceTree = "<group>";
		};
/* End PBXVariantGroup section */

/* Begin XCBuildConfiguration section */
		C02E4BD924791B0700A0C0F2 /* Debug */ = {
			isa = XCBuildConfiguration;
			buildSettings = {
				ALWAYS_SEARCH_USER_PATHS = NO;
				CLANG_ANALYZER_NONNULL = YES;
				CLANG_ANALYZER_NUMBER_OBJECT_CONVERSION = YES_AGGRESSIVE;
				CLANG_CXX_LANGUAGE_STANDARD = "gnu++14";
				CLANG_CXX_LIBRARY = "libc++";
				CLANG_ENABLE_MODULES = YES;
				CLANG_ENABLE_OBJC_ARC = YES;
				CLANG_ENABLE_OBJC_WEAK = YES;
				CLANG_WARN_BLOCK_CAPTURE_AUTORELEASING = YES;
				CLANG_WARN_BOOL_CONVERSION = YES;
				CLANG_WARN_COMMA = YES;
				CLANG_WARN_CONSTANT_CONVERSION = YES;
				CLANG_WARN_DEPRECATED_OBJC_IMPLEMENTATIONS = YES;
				CLANG_WARN_DIRECT_OBJC_ISA_USAGE = YES_ERROR;
				CLANG_WARN_DOCUMENTATION_COMMENTS = YES;
				CLANG_WARN_EMPTY_BODY = YES;
				CLANG_WARN_ENUM_CONVERSION = YES;
				CLANG_WARN_INFINITE_RECURSION = YES;
				CLANG_WARN_INT_CONVERSION = YES;
				CLANG_WARN_NON_LITERAL_NULL_CONVERSION = YES;
				CLANG_WARN_OBJC_IMPLICIT_RETAIN_SELF = YES;
				CLANG_WARN_OBJC_LITERAL_CONVERSION = YES;
				CLANG_WARN_OBJC_ROOT_CLASS = YES_ERROR;
				CLANG_WARN_RANGE_LOOP_ANALYSIS = YES;
				CLANG_WARN_STRICT_PROTOTYPES = YES;
				CLANG_WARN_SUSPICIOUS_MOVE = YES;
				CLANG_WARN_UNGUARDED_AVAILABILITY = YES_AGGRESSIVE;
				CLANG_WARN_UNREACHABLE_CODE = YES;
				CLANG_WARN__DUPLICATE_METHOD_MATCH = YES;
				COPY_PHASE_STRIP = NO;
				DEBUG_INFORMATION_FORMAT = dwarf;
				ENABLE_STRICT_OBJC_MSGSEND = YES;
				ENABLE_TESTABILITY = YES;
				GCC_C_LANGUAGE_STANDARD = gnu11;
				GCC_DYNAMIC_NO_PIC = NO;
				GCC_NO_COMMON_BLOCKS = YES;
				GCC_OPTIMIZATION_LEVEL = 0;
				GCC_PREPROCESSOR_DEFINITIONS = (
					"DEBUG=1",
					"$(inherited)",
				);
				GCC_WARN_64_TO_32_BIT_CONVERSION = YES;
				GCC_WARN_ABOUT_RETURN_TYPE = YES_ERROR;
				GCC_WARN_UNDECLARED_SELECTOR = YES;
				GCC_WARN_UNINITIALIZED_AUTOS = YES_AGGRESSIVE;
				GCC_WARN_UNUSED_FUNCTION = YES;
				GCC_WARN_UNUSED_VARIABLE = YES;
				IPHONEOS_DEPLOYMENT_TARGET = 13.4;
				MTL_ENABLE_DEBUG_INFO = INCLUDE_SOURCE;
				MTL_FAST_MATH = YES;
				ONLY_ACTIVE_ARCH = YES;
				SDKROOT = iphoneos;
				SWIFT_ACTIVE_COMPILATION_CONDITIONS = DEBUG;
				SWIFT_OPTIMIZATION_LEVEL = "-Onone";
			};
			name = Debug;
		};
		C02E4BDA24791B0700A0C0F2 /* Release */ = {
			isa = XCBuildConfiguration;
			buildSettings = {
				ALWAYS_SEARCH_USER_PATHS = NO;
				CLANG_ANALYZER_NONNULL = YES;
				CLANG_ANALYZER_NUMBER_OBJECT_CONVERSION = YES_AGGRESSIVE;
				CLANG_CXX_LANGUAGE_STANDARD = "gnu++14";
				CLANG_CXX_LIBRARY = "libc++";
				CLANG_ENABLE_MODULES = YES;
				CLANG_ENABLE_OBJC_ARC = YES;
				CLANG_ENABLE_OBJC_WEAK = YES;
				CLANG_WARN_BLOCK_CAPTURE_AUTORELEASING = YES;
				CLANG_WARN_BOOL_CONVERSION = YES;
				CLANG_WARN_COMMA = YES;
				CLANG_WARN_CONSTANT_CONVERSION = YES;
				CLANG_WARN_DEPRECATED_OBJC_IMPLEMENTATIONS = YES;
				CLANG_WARN_DIRECT_OBJC_ISA_USAGE = YES_ERROR;
				CLANG_WARN_DOCUMENTATION_COMMENTS = YES;
				CLANG_WARN_EMPTY_BODY = YES;
				CLANG_WARN_ENUM_CONVERSION = YES;
				CLANG_WARN_INFINITE_RECURSION = YES;
				CLANG_WARN_INT_CONVERSION = YES;
				CLANG_WARN_NON_LITERAL_NULL_CONVERSION = YES;
				CLANG_WARN_OBJC_IMPLICIT_RETAIN_SELF = YES;
				CLANG_WARN_OBJC_LITERAL_CONVERSION = YES;
				CLANG_WARN_OBJC_ROOT_CLASS = YES_ERROR;
				CLANG_WARN_RANGE_LOOP_ANALYSIS = YES;
				CLANG_WARN_STRICT_PROTOTYPES = YES;
				CLANG_WARN_SUSPICIOUS_MOVE = YES;
				CLANG_WARN_UNGUARDED_AVAILABILITY = YES_AGGRESSIVE;
				CLANG_WARN_UNREACHABLE_CODE = YES;
				CLANG_WARN__DUPLICATE_METHOD_MATCH = YES;
				COPY_PHASE_STRIP = NO;
				DEBUG_INFORMATION_FORMAT = "dwarf-with-dsym";
				ENABLE_NS_ASSERTIONS = NO;
				ENABLE_STRICT_OBJC_MSGSEND = YES;
				GCC_C_LANGUAGE_STANDARD = gnu11;
				GCC_NO_COMMON_BLOCKS = YES;
				GCC_WARN_64_TO_32_BIT_CONVERSION = YES;
				GCC_WARN_ABOUT_RETURN_TYPE = YES_ERROR;
				GCC_WARN_UNDECLARED_SELECTOR = YES;
				GCC_WARN_UNINITIALIZED_AUTOS = YES_AGGRESSIVE;
				GCC_WARN_UNUSED_FUNCTION = YES;
				GCC_WARN_UNUSED_VARIABLE = YES;
				IPHONEOS_DEPLOYMENT_TARGET = 13.4;
				MTL_ENABLE_DEBUG_INFO = NO;
				MTL_FAST_MATH = YES;
				SDKROOT = iphoneos;
				SWIFT_COMPILATION_MODE = wholemodule;
				SWIFT_OPTIMIZATION_LEVEL = "-O";
				VALIDATE_PRODUCT = YES;
			};
			name = Release;
		};
		C02E4BDC24791B0700A0C0F2 /* Debug */ = {
			isa = XCBuildConfiguration;
			buildSettings = {
				ASSETCATALOG_COMPILER_APPICON_NAME = AppIcon;
				CODE_SIGN_IDENTITY = "iPhone Developer";
				CODE_SIGN_STYLE = Manual;
				DEVELOPMENT_TEAM = BQM5F3RQ9Q;
				INFOPLIST_FILE = OKLottoNumberGenerator/Info.plist;
				IPHONEOS_DEPLOYMENT_TARGET = 12.0;
				LD_RUNPATH_SEARCH_PATHS = (
					"$(inherited)",
					"@executable_path/Frameworks",
				);
				PRODUCT_BUNDLE_IDENTIFIER = com.iportfolio.OKLottoNumberGenerator;
				PRODUCT_NAME = "$(TARGET_NAME)";
				PROVISIONING_PROFILE_SPECIFIER = "iPF Developer Account Wildcard Development";
				SWIFT_VERSION = 5.0;
				TARGETED_DEVICE_FAMILY = "1,2";
			};
			name = Debug;
		};
		C02E4BDD24791B0700A0C0F2 /* Release */ = {
			isa = XCBuildConfiguration;
			buildSettings = {
				ASSETCATALOG_COMPILER_APPICON_NAME = AppIcon;
				CODE_SIGN_IDENTITY = "iPhone Developer";
				CODE_SIGN_STYLE = Manual;
				DEVELOPMENT_TEAM = BQM5F3RQ9Q;
				INFOPLIST_FILE = OKLottoNumberGenerator/Info.plist;
				IPHONEOS_DEPLOYMENT_TARGET = 12.0;
				LD_RUNPATH_SEARCH_PATHS = (
					"$(inherited)",
					"@executable_path/Frameworks",
				);
				PRODUCT_BUNDLE_IDENTIFIER = com.iportfolio.OKLottoNumberGenerator;
				PRODUCT_NAME = "$(TARGET_NAME)";
				PROVISIONING_PROFILE_SPECIFIER = "iPF Developer Account Wildcard Development";
				SWIFT_VERSION = 5.0;
				TARGETED_DEVICE_FAMILY = "1,2";
			};
			name = Release;
		};
		C02E4BDF24791B0700A0C0F2 /* Debug */ = {
			isa = XCBuildConfiguration;
			buildSettings = {
				ALWAYS_EMBED_SWIFT_STANDARD_LIBRARIES = YES;
				BUNDLE_LOADER = "$(TEST_HOST)";
				CODE_SIGN_STYLE = Automatic;
				INFOPLIST_FILE = OKLottoNumberGeneratorTests/Info.plist;
				IPHONEOS_DEPLOYMENT_TARGET = 13.4;
				LD_RUNPATH_SEARCH_PATHS = (
					"$(inherited)",
					"@executable_path/Frameworks",
					"@loader_path/Frameworks",
				);
				PRODUCT_BUNDLE_IDENTIFIER = com.iportfolio.OKLottoNumberGeneratorTests;
				PRODUCT_NAME = "$(TARGET_NAME)";
				SWIFT_VERSION = 5.0;
				TARGETED_DEVICE_FAMILY = "1,2";
				TEST_HOST = "$(BUILT_PRODUCTS_DIR)/OKLottoNumberGenerator.app/OKLottoNumberGenerator";
			};
			name = Debug;
		};
		C02E4BE024791B0700A0C0F2 /* Release */ = {
			isa = XCBuildConfiguration;
			buildSettings = {
				ALWAYS_EMBED_SWIFT_STANDARD_LIBRARIES = YES;
				BUNDLE_LOADER = "$(TEST_HOST)";
				CODE_SIGN_STYLE = Automatic;
				INFOPLIST_FILE = OKLottoNumberGeneratorTests/Info.plist;
				IPHONEOS_DEPLOYMENT_TARGET = 13.4;
				LD_RUNPATH_SEARCH_PATHS = (
					"$(inherited)",
					"@executable_path/Frameworks",
					"@loader_path/Frameworks",
				);
				PRODUCT_BUNDLE_IDENTIFIER = com.iportfolio.OKLottoNumberGeneratorTests;
				PRODUCT_NAME = "$(TARGET_NAME)";
				SWIFT_VERSION = 5.0;
				TARGETED_DEVICE_FAMILY = "1,2";
				TEST_HOST = "$(BUILT_PRODUCTS_DIR)/OKLottoNumberGenerator.app/OKLottoNumberGenerator";
			};
			name = Release;
		};
		C02E4BE224791B0700A0C0F2 /* Debug */ = {
			isa = XCBuildConfiguration;
			buildSettings = {
				ALWAYS_EMBED_SWIFT_STANDARD_LIBRARIES = YES;
				CODE_SIGN_STYLE = Automatic;
				INFOPLIST_FILE = OKLottoNumberGeneratorUITests/Info.plist;
				LD_RUNPATH_SEARCH_PATHS = (
					"$(inherited)",
					"@executable_path/Frameworks",
					"@loader_path/Frameworks",
				);
				PRODUCT_BUNDLE_IDENTIFIER = com.iportfolio.OKLottoNumberGeneratorUITests;
				PRODUCT_NAME = "$(TARGET_NAME)";
				SWIFT_VERSION = 5.0;
				TARGETED_DEVICE_FAMILY = "1,2";
				TEST_TARGET_NAME = OKLottoNumberGenerator;
			};
			name = Debug;
		};
		C02E4BE324791B0700A0C0F2 /* Release */ = {
			isa = XCBuildConfiguration;
			buildSettings = {
				ALWAYS_EMBED_SWIFT_STANDARD_LIBRARIES = YES;
				CODE_SIGN_STYLE = Automatic;
				INFOPLIST_FILE = OKLottoNumberGeneratorUITests/Info.plist;
				LD_RUNPATH_SEARCH_PATHS = (
					"$(inherited)",
					"@executable_path/Frameworks",
					"@loader_path/Frameworks",
				);
				PRODUCT_BUNDLE_IDENTIFIER = com.iportfolio.OKLottoNumberGeneratorUITests;
				PRODUCT_NAME = "$(TARGET_NAME)";
				SWIFT_VERSION = 5.0;
				TARGETED_DEVICE_FAMILY = "1,2";
				TEST_TARGET_NAME = OKLottoNumberGenerator;
			};
			name = Release;
		};
/* End XCBuildConfiguration section */

/* Begin XCConfigurationList section */
		C02E4BAC24791B0600A0C0F2 /* Build configuration list for PBXProject "OKLottoNumberGenerator" */ = {
			isa = XCConfigurationList;
			buildConfigurations = (
				C02E4BD924791B0700A0C0F2 /* Debug */,
				C02E4BDA24791B0700A0C0F2 /* Release */,
			);
			defaultConfigurationIsVisible = 0;
			defaultConfigurationName = Release;
		};
		C02E4BDB24791B0700A0C0F2 /* Build configuration list for PBXNativeTarget "OKLottoNumberGenerator" */ = {
			isa = XCConfigurationList;
			buildConfigurations = (
				C02E4BDC24791B0700A0C0F2 /* Debug */,
				C02E4BDD24791B0700A0C0F2 /* Release */,
			);
			defaultConfigurationIsVisible = 0;
			defaultConfigurationName = Release;
		};
		C02E4BDE24791B0700A0C0F2 /* Build configuration list for PBXNativeTarget "OKLottoNumberGeneratorTests" */ = {
			isa = XCConfigurationList;
			buildConfigurations = (
				C02E4BDF24791B0700A0C0F2 /* Debug */,
				C02E4BE024791B0700A0C0F2 /* Release */,
			);
			defaultConfigurationIsVisible = 0;
			defaultConfigurationName = Release;
		};
		C02E4BE124791B0700A0C0F2 /* Build configuration list for PBXNativeTarget "OKLottoNumberGeneratorUITests" */ = {
			isa = XCConfigurationList;
			buildConfigurations = (
				C02E4BE224791B0700A0C0F2 /* Debug */,
				C02E4BE324791B0700A0C0F2 /* Release */,
			);
			defaultConfigurationIsVisible = 0;
			defaultConfigurationName = Release;
		};
/* End XCConfigurationList section */
	};
	rootObject = C02E4BA924791B0600A0C0F2 /* Project object */;
}
